
Microsoft Visual Studio Solution File, Format Version 12.00
# Visual Studio 2012
Project("{FAE04EC0-301F-11D3-BF4B-00C04F79EFBC}") = "ApplicationCasier", "ApplicationCasier\ApplicationCasier.csproj", "{472B67D6-58C0-48DF-9AA4-6A8D025EA0E2}"
EndProject
Project("{FAE04EC0-301F-11D3-BF4B-00C04F79EFBC}") = "getAddMac", "getAddMac\getAddMac.csproj", "{61CF7601-6337-476D-B5BA-DB50FA0F9428}"
EndProject
Project("{FAE04EC0-301F-11D3-BF4B-00C04F79EFBC}") = "testfragement", "testfragement\testfragement.csproj", "{28F02412-60C2-4D0A-96BF-9CFC33345724}"
EndProject
Global
	GlobalSection(SolutionConfigurationPlatforms) = preSolution
		Debug|Any CPU = Debug|Any CPU
		Release|Any CPU = Release|Any CPU
	EndGlobalSection
	GlobalSection(ProjectConfigurationPlatforms) = postSolution
		{28F02412-60C2-4D0A-96BF-9CFC33345724}.Debug|Any CPU.ActiveCfg = Debug|Any CPU
		{28F02412-60C2-4D0A-96BF-9CFC33345724}.Debug|Any CPU.Build.0 = Debug|Any CPU
		{28F02412-60C2-4D0A-96BF-9CFC33345724}.Release|Any CPU.ActiveCfg = Release|Any CPU
		{28F02412-60C2-4D0A-96BF-9CFC33345724}.Release|Any CPU.Build.0 = Release|Any CPU
		{472B67D6-58C0-48DF-9AA4-6A8D025EA0E2}.Debug|Any CPU.ActiveCfg = Debug|Any CPU
		{472B67D6-58C0-48DF-9AA4-6A8D025EA0E2}.Debug|Any CPU.Build.0 = Debug|Any CPU
		{472B67D6-58C0-48DF-9AA4-6A8D025EA0E2}.Release|Any CPU.ActiveCfg = Release|Any CPU
		{472B67D6-58C0-48DF-9AA4-6A8D025EA0E2}.Release|Any CPU.Build.0 = Release|Any CPU
		{61CF7601-6337-476D-B5BA-DB50FA0F9428}.Debug|Any CPU.ActiveCfg = Debug|Any CPU
		{61CF7601-6337-476D-B5BA-DB50FA0F9428}.Debug|Any CPU.Build.0 = Debug|Any CPU
		{61CF7601-6337-476D-B5BA-DB50FA0F9428}.Release|Any CPU.ActiveCfg = Release|Any CPU
		{61CF7601-6337-476D-B5BA-DB50FA0F9428}.Release|Any CPU.Build.0 = Release|Any CPU
	EndGlobalSection
EndGlobal
